Microsoft Visual Studio Solution File, Format Version 12.00
# Visual Studio 15
VisualStudioVersion = 15.0.26724.1
MinimumVisualStudioVersion = 15.0.26124.0
Project("{9A19103F-16F7-4668-BE54-9A1E7A4F7556}") = "CoWorker.Infrastructure.DefaultFactory", "CoWorker.Infrastructure.DefaultFactory\CoWorker.Infrastructure.DefaultFactory.csproj", "{EB65CA35-A0B5-4094-80D3-FAB90CFC2C57}"
EndProject
Project("{9A19103F-16F7-4668-BE54-9A1E7A4F7556}") = "CoWorker.Infrastructure.DefaultFactory.Tests", "CoWorker.Infrastructure.DefaultFactory.Tests\CoWorker.Infrastructure.DefaultFactory.Tests.csproj", "{138CF750-9566-4A43-A021-90CB99F61988}"
EndProject
Project("{9A19103F-16F7-4668-BE54-9A1E7A4F7556}") = "CoWorker.Infrastructure.Expression", "CoWorker.Infrastructure.Expression\CoWorker.Infrastructure.Expression.csproj", "{1751256F-6FB5-4291-8E5A-CA93C136FE2C}"
EndProject
Global
	GlobalSection(SolutionConfigurationPlatforms) = preSolution
		Debug|Any CPU = Debug|Any CPU
		Debug|x64 = Debug|x64
		Debug|x86 = Debug|x86
		Release|Any CPU = Release|Any CPU
		Release|x64 = Release|x64
		Release|x86 = Release|x86
	EndGlobalSection
	GlobalSection(ProjectConfigurationPlatforms) = postSolution
		{EB65CA35-A0B5-4094-80D3-FAB90CFC2C57}.Debug|Any CPU.ActiveCfg = Debug|Any CPU
		{EB65CA35-A0B5-4094-80D3-FAB90CFC2C57}.Debug|Any CPU.Build.0 = Debug|Any CPU
		{EB65CA35-A0B5-4094-80D3-FAB90CFC2C57}.Debug|x64.ActiveCfg = Debug|Any CPU
		{EB65CA35-A0B5-4094-80D3-FAB90CFC2C57}.Debug|x64.Build.0 = Debug|Any CPU
		{EB65CA35-A0B5-4094-80D3-FAB90CFC2C57}.Debug|x86.ActiveCfg = Debug|Any CPU
		{EB65CA35-A0B5-4094-80D3-FAB90CFC2C57}.Debug|x86.Build.0 = Debug|Any CPU
		{EB65CA35-A0B5-4094-80D3-FAB90CFC2C57}.Release|Any CPU.ActiveCfg = Release|Any CPU
		{EB65CA35-A0B5-4094-80D3-FAB90CFC2C57}.Release|Any CPU.Build.0 = Release|Any CPU
		{EB65CA35-A0B5-4094-80D3-FAB90CFC2C57}.Release|x64.ActiveCfg = Release|Any CPU
		{EB65CA35-A0B5-4094-80D3-FAB90CFC2C57}.Release|x64.Build.0 = Release|Any CPU
		{EB65CA35-A0B5-4094-80D3-FAB90CFC2C57}.Release|x86.ActiveCfg = Release|Any CPU
		{EB65CA35-A0B5-4094-80D3-FAB90CFC2C57}.Release|x86.Build.0 = Release|Any CPU
		{138CF750-9566-4A43-A021-90CB99F61988}.Debug|Any CPU.ActiveCfg = Debug|Any CPU
		{138CF750-9566-4A43-A021-90CB99F61988}.Debug|Any CPU.Build.0 = Debug|Any CPU
		{138CF750-9566-4A43-A021-90CB99F61988}.Debug|x64.ActiveCfg = Debug|Any CPU
		{138CF750-9566-4A43-A021-90CB99F61988}.Debug|x64.Build.0 = Debug|Any CPU
		{138CF750-9566-4A43-A021-90CB99F61988}.Debug|x86.ActiveCfg = Debug|Any CPU
		{138CF750-9566-4A43-A021-90CB99F61988}.Debug|x86.Build.0 = Debug|Any CPU
		{138CF750-9566-4A43-A021-90CB99F61988}.Release|Any CPU.ActiveCfg = Release|Any CPU
		{138CF750-9566-4A43-A021-90CB99F61988}.Release|Any CPU.Build.0 = Release|Any CPU
		{138CF750-9566-4A43-A021-90CB99F61988}.Release|x64.ActiveCfg = Release|Any CPU
		{138CF750-9566-4A43-A021-90CB99F61988}.Release|x64.Build.0 = Release|Any CPU
		{138CF750-9566-4A43-A021-90CB99F61988}.Release|x86.ActiveCfg = Release|Any CPU
		{138CF750-9566-4A43-A021-90CB99F61988}.Release|x86.Build.0 = Release|Any CPU
		{1751256F-6FB5-4291-8E5A-CA93C136FE2C}.Debug|Any CPU.ActiveCfg = Debug|Any CPU
		{1751256F-6FB5-4291-8E5A-CA93C136FE2C}.Debug|Any CPU.Build.0 = Debug|Any CPU
		{1751256F-6FB5-4291-8E5A-CA93C136FE2C}.Debug|x64.ActiveCfg = Debug|Any CPU
		{1751256F-6FB5-4291-8E5A-CA93C136FE2C}.Debug|x64.Build.0 = Debug|Any CPU
		{1751256F-6FB5-4291-8E5A-CA93C136FE2C}.Debug|x86.ActiveCfg = Debug|Any CPU
		{1751256F-6FB5-4291-8E5A-CA93C136FE2C}.Debug|x86.Build.0 = Debug|Any CPU
		{1751256F-6FB5-4291-8E5A-CA93C136FE2C}.Release|Any CPU.ActiveCfg = Release|Any CPU
		{1751256F-6FB5-4291-8E5A-CA93C136FE2C}.Release|Any CPU.Build.0 = Release|Any CPU
		{1751256F-6FB5-4291-8E5A-CA93C136FE2C}.Release|x64.ActiveCfg = Release|Any CPU
		{1751256F-6FB5-4291-8E5A-CA93C136FE2C}.Release|x64.Build.0 = Release|Any CPU
		{1751256F-6FB5-4291-8E5A-CA93C136FE2C}.Release|x86.ActiveCfg = Release|Any CPU
		{1751256F-6FB5-4291-8E5A-CA93C136FE2C}.Release|x86.Build.0 = Release|Any CPU
	EndGlobalSection
	GlobalSection(SolutionProperties) = preSolution
		HideSolutionNode = FALSE
	EndGlobalSection
	GlobalSection(ExtensibilityGlobals) = postSolution
		SolutionGuid = {2523A55B-EAEA-4B11-B034-CD5B4341EF93}
	EndGlobalSection
EndGlobal
